{
  "projects": [
    {
      "projectId": "4s85iWurvHMKhzdXTFwdFk",
      "version": "latest",
      "dependencies": {},
      "lang": "ts",
      "fileLocks": [
        {
          "type": "globalVariant",
          "assetId": "-y72xj9fbSTxJh",
          "checksum": "f313cdcb01312dc9b73a5cbdca72c67e"
        },
        {
          "assetId": "4s85iWurvHMKhzdXTFwdFk",
          "type": "projectCss",
          "checksum": "9cdb51ee00f8bba31fd1706109c16bcc"
        },
        {
          "type": "renderModule",
          "assetId": "R_GOg7VoFH8mL",
          "checksum": "b4c041855ef33eac61ea3a15ff30d2d0"
        },
        {
          "type": "cssRules",
          "assetId": "R_GOg7VoFH8mL",
          "checksum": "b4c041855ef33eac61ea3a15ff30d2d0"
        },
        {
          "type": "renderModule",
          "assetId": "Julwb4CLuXDYR",
          "checksum": "be02111bfea779709da96e9676d28878"
        },
        {
          "type": "cssRules",
          "assetId": "Julwb4CLuXDYR",
          "checksum": "be02111bfea779709da96e9676d28878"
        },
        {
          "type": "renderModule",
          "assetId": "egdVSwl6JFu0I",
          "checksum": "a64509e85f109bd4e41b7b9e7fd39f21"
        },
        {
          "type": "cssRules",
          "assetId": "egdVSwl6JFu0I",
          "checksum": "a64509e85f109bd4e41b7b9e7fd39f21"
        },
        {
          "type": "renderModule",
          "assetId": "77cewIPypOGTjx",
          "checksum": "3ec1851c77890d22f355fdd7ec94a250"
        },
        {
          "type": "cssRules",
          "assetId": "77cewIPypOGTjx",
          "checksum": "3ec1851c77890d22f355fdd7ec94a250"
        },
        {
          "type": "renderModule",
          "assetId": "qRYRi6ct_gF76w",
          "checksum": "53f272e82bf02774a3cb51fc7f1806cc"
        },
        {
          "type": "cssRules",
          "assetId": "qRYRi6ct_gF76w",
          "checksum": "53f272e82bf02774a3cb51fc7f1806cc"
        },
        {
          "type": "renderModule",
          "assetId": "g5q1MIm8hTvj9k",
          "checksum": "e8cef7c98b20b5dc08e4d70c2eb970b8"
        },
        {
          "type": "cssRules",
          "assetId": "g5q1MIm8hTvj9k",
          "checksum": "e8cef7c98b20b5dc08e4d70c2eb970b8"
        },
        {
          "type": "renderModule",
          "assetId": "LBGzbzMsGG6HBe",
          "checksum": "490e0f6786df7780ba261f8ca154f1a7"
        },
        {
          "type": "cssRules",
          "assetId": "LBGzbzMsGG6HBe",
          "checksum": "490e0f6786df7780ba261f8ca154f1a7"
        },
        {
          "type": "renderModule",
          "assetId": "_Ye0AF9FQyJ6JH",
          "checksum": "143a6e2768871c9d06e7eb87409f8383"
        },
        {
          "type": "cssRules",
          "assetId": "_Ye0AF9FQyJ6JH",
          "checksum": "143a6e2768871c9d06e7eb87409f8383"
        },
        {
          "type": "renderModule",
          "assetId": "LGJ67-HSI9TnH-",
          "checksum": "6dd01de36f7022d21136d104e32769bb"
        },
        {
          "type": "cssRules",
          "assetId": "LGJ67-HSI9TnH-",
          "checksum": "6dd01de36f7022d21136d104e32769bb"
        },
        {
          "type": "renderModule",
          "assetId": "x2kLbhtjM-Q_yH",
          "checksum": "671cab06c9d87061db8f8413ca7799cd"
        },
        {
          "type": "cssRules",
          "assetId": "x2kLbhtjM-Q_yH",
          "checksum": "671cab06c9d87061db8f8413ca7799cd"
        },
        {
          "type": "renderModule",
          "assetId": "2GLv8AjkWuK5_X",
          "checksum": "eee3ec3c945d6e259b81114467ba46a2"
        },
        {
          "type": "cssRules",
          "assetId": "2GLv8AjkWuK5_X",
          "checksum": "eee3ec3c945d6e259b81114467ba46a2"
        },
        {
          "type": "icon",
          "assetId": "4shqtnTRtTHIyO",
          "checksum": "129ed6daeeb779d48e9988ec1afbfa86"
        },
        {
          "type": "icon",
          "assetId": "g1vy6qUcynvl1y",
          "checksum": "899c1457fb74787c4aae2bf74b1187ca"
        },
        {
          "type": "icon",
          "assetId": "36Ca2Rlq8DGv1w",
          "checksum": "9d013468a127bb16e806d00ae0b218b0"
        },
        {
          "type": "icon",
          "assetId": "sHmGseGZOTZdoz",
          "checksum": "474a216dce705da2f41c9e1da87bba8b"
        },
        {
          "type": "icon",
          "assetId": "ulKePMkHjsioVS",
          "checksum": "0bd71adc5109ba57a90c1c2d93213278"
        },
        {
          "type": "icon",
          "assetId": "TFPWWrY7c44Qao",
          "checksum": "94c4a2d08bf9eebe14884dd588042fee"
        },
        {
          "type": "icon",
          "assetId": "mzXEmTD_XAbiCj",
          "checksum": "f7113a685a35a4a00a6ff4c9ea616015"
        },
        {
          "type": "icon",
          "assetId": "bdHcw_uO7v7fcs",
          "checksum": "bd19888c9a2695c6357507293900f76c"
        },
        {
          "type": "icon",
          "assetId": "RI-iVLWXaBstLB",
          "checksum": "4dd2080373ca8f96841100aa7d6b6385"
        },
        {
          "type": "image",
          "assetId": "1gqna6MYcu-E9w",
          "checksum": "9a00591d3f8a363862484aa1f20a0e39"
        },
        {
          "type": "image",
          "assetId": "2g_uWVc1qU_w3C",
          "checksum": "e8225ceb06d4cbd43bcd6923bcf85cb3"
        },
        {
          "type": "image",
          "assetId": "4KosC0nh-Xs0-j",
          "checksum": "5881f3c5140c8f4c6a1af4ae4bbb8900"
        },
        {
          "type": "image",
          "assetId": "_M8-1LWGtuDw7k",
          "checksum": "5ae1c68c22f81c00da3cd482614ae76f"
        },
        {
          "type": "image",
          "assetId": "EuKzDQMbrPIYCN",
          "checksum": "6cd7d606ca73dc3e82399cae9e50b708"
        },
        {
          "type": "image",
          "assetId": "yKi1VWfDppDfDE",
          "checksum": "f18f182a1d0500faa62ca374b403ba11"
        },
        {
          "type": "image",
          "assetId": "zyuqEY9dlnmJMK",
          "checksum": "cfa43a7f3911e32465d59fd8a57dd0c9"
        },
        {
          "type": "image",
          "assetId": "OsTrH0cBxsULg_",
          "checksum": "ea3d4025d9dea62b41d64bd95d71c469"
        },
        {
          "type": "image",
          "assetId": "lJnktpQnKz0TMK",
          "checksum": "b52505d6cd4e50edd982f6f0c461da68"
        },
        {
          "type": "image",
          "assetId": "p2iv8UhIhrwhL4",
          "checksum": "870850cedd562d07fbd209aa417f7ea3"
        },
        {
          "type": "image",
          "assetId": "Etvr2TzSkaLZA2",
          "checksum": "ff393ce5ab0e1676d5a66e84c0eb599b"
        },
        {
          "type": "image",
          "assetId": "fs-6vPrKZbivw4",
          "checksum": "7d89cdcc3df2a59943dc0d78221ebc5f"
        },
        {
          "type": "image",
          "assetId": "kGNAlQLV8vingY",
          "checksum": "aa0c9014e9cd0889942d2f3d8b93a9b1"
        },
        {
          "type": "image",
          "assetId": "lDobL48OOHAAbs",
          "checksum": "98df7a9763c103bd652aecfc85731701"
        },
        {
          "type": "image",
          "assetId": "6zHlRbyvBqo2mX",
          "checksum": "9228f182f5abe0fe27891964fcc7a6d0"
        },
        {
          "type": "image",
          "assetId": "mKd4QRK00KqAGm",
          "checksum": "09dd61229b41fb94c5cf1ca37a74c19d"
        },
        {
          "type": "image",
          "assetId": "X9zTPNDkTwtKZy",
          "checksum": "87bd45f25c9309b89d86947fadf4a9f3"
        },
        {
          "type": "image",
          "assetId": "2fYMmic6U6s0T6",
          "checksum": "c479b229f8ddd678ace8be17799ab9be"
        },
        {
          "type": "image",
          "assetId": "q-XgIkklOChsBI",
          "checksum": "8737472d9879b8c2de63030a805dcb06"
        },
        {
          "type": "image",
          "assetId": "u44VfyaWWHtk6Z",
          "checksum": "2d63629131df651806464ed3481d7479"
        },
        {
          "type": "image",
          "assetId": "WwyX7YzjThdKyy",
          "checksum": "458978b2c93d262fb764033a58879bce"
        },
        {
          "type": "image",
          "assetId": "9yLntAlsaUZiKn",
          "checksum": "16d3a46158717a1383cebaec39ed8b6b"
        },
        {
          "type": "image",
          "assetId": "0bOVYKlmPPSw76",
          "checksum": "20367968a8824625e164608bdc08dcb4"
        },
        {
          "type": "image",
          "assetId": "DcaL30ejXnu5pE",
          "checksum": "4417235ca78224a94afeac4e0bb00a91"
        },
        {
          "type": "image",
          "assetId": "eMAmKShmMcAwgU",
          "checksum": "40d19be3e95681a149454fa4ef672464"
        },
        {
          "type": "image",
          "assetId": "H4nriV2r0BnG-z",
          "checksum": "20d02bcc7f34a2bfb40a8b948046722a"
        },
        {
          "type": "image",
          "assetId": "UyZKNVjue41RmU",
          "checksum": "6386bd81399e4d071cc246e0e624ee76"
        },
        {
          "type": "image",
          "assetId": "5v1_ndGW8zBSRD",
          "checksum": "f4a670553a81f9a3a47186ab5722b657"
        },
        {
          "type": "image",
          "assetId": "MTwQLbPzyR8OR4",
          "checksum": "cea7b0b529c6f2674dcba26f9eea5bb2"
        },
        {
          "type": "image",
          "assetId": "SFJdbrupkaFEaz",
          "checksum": "68a1e8aa3a7fb5eeae92b78e49ef992e"
        },
        {
          "type": "image",
          "assetId": "YTMCLKgKmF3nJ2",
          "checksum": "8d29e012ffd990c26d93f8e262bac117"
        },
        {
          "type": "image",
          "assetId": "pgU2BzQ_shgZkK",
          "checksum": "4dfc0a919e69f13bb7613809fe3256b3"
        },
        {
          "type": "image",
          "assetId": "OyCwVXFca2Jpi5",
          "checksum": "54d82f8fcecd89bb6649f1baf3531026"
        },
        {
          "type": "image",
          "assetId": "AR2m8WfpsmySYE",
          "checksum": "e9237c8f950c69c0667adbfc804e7741"
        },
        {
          "type": "image",
          "assetId": "C-93dulU-ibHmm",
          "checksum": "72f8a55d0febbd96a1e436486e810019"
        },
        {
          "type": "image",
          "assetId": "jy9O13Hvt_TVNt",
          "checksum": "3e8d7a6a0a82739ae5c4f70447e5a6db"
        },
        {
          "type": "image",
          "assetId": "gdF8zyqfDxHs6N",
          "checksum": "ed6e1c8cc860b80857424a8c3e6251fc"
        }
      ],
      "codegenVersion": "0.0.1"
    }
  ],
  "cliVersion": "0.1.275"
}
